lockfileVersion: '9.0'

settings:
  autoInstallPeers: true
  excludeLinksFromLockfile: false

importers:

  .:
    dependencies:
      '@tabler/core':
        specifier: 1.6.1
        version: 1.6.1

packages:

  '@popperjs/core@2.11.8':
    resolution: {integrity: sha512-P1st0aksCrn9sGZhp8GMYwBnQsbvAWsZAX44oXNNvLHGqAOcoVxmjZiohstwQ7SqKnbR47akdNi+uleWD8+g6A==}

  '@tabler/core@1.6.1':
    resolution: {integrity: sha512-lgmR9gcxRp5JlLxcmRi9Rz85JrEvH6Bz71KnlcPVSa97wtwQNjgSs3g3fxwbAlulHyRMghhIV04QUuW3pqDsIg==}
    engines: {node: '>=20'}
    peerDependencies:
      vanilla-calendar-pro: ^3.3.2
    peerDependenciesMeta:
      vanilla-calendar-pro:
        optional: true

snapshots:

  '@popperjs/core@2.11.8': {}

  '@tabler/core@1.6.1':
    dependencies:
      '@popperjs/core': 2.11.8
